
Microsoft Visual Studio Solution File, Format Version 12.00
# Visual Studio Version 16
VisualStudioVersion = 16.0.29230.47
MinimumVisualStudioVersion = 10.0.40219.1
Project("{FAE04EC0-301F-11D3-BF4B-00C04F79EFBC}") = "Matrix", "Matrix.csproj", "{24FA13B4-8D98-43D9-AFF0-3B1F6CEB365C}"
EndProject
Global
	GlobalSection(SolutionConfigurationPlatforms) = preSolution
		Debug|Any CPU = Debug|Any CPU
		Release|Any CPU = Release|Any CPU
	EndGlobalSection
	GlobalSection(ProjectConfigurationPlatforms) = postSolution
		{24FA13B4-8D98-43D9-AFF0-3B1F6CEB365C}.Debug|Any CPU.ActiveCfg = Debug|Any CPU
		{24FA13B4-8D98-43D9-AFF0-3B1F6CEB365C}.Debug|Any CPU.Build.0 = Debug|Any CPU
		{24FA13B4-8D98-43D9-AFF0-3B1F6CEB365C}.Release|Any CPU.ActiveCfg = Release|Any CPU
		{24FA13B4-8D98-43D9-AFF0-3B1F6CEB365C}.Release|Any CPU.Build.0 = Release|Any CPU
	EndGlobalSection
	GlobalSection(SolutionProperties) = preSolution
		HideSolutionNode = FALSE
	EndGlobalSection
	GlobalSection(ExtensibilityGlobals) = postSolution
		SolutionGuid = {038C0A93-CFA7-463E-8A0A-4E75AC990882}
	EndGlobalSection
EndGlobal
